
Microsoft Visual Studio Solution File, Format Version 12.00
# Visual Studio Version 17
VisualStudioVersion = 17.12.35514.174
MinimumVisualStudioVersion = 10.0.40219.1
Project("{2150E333-8FDC-42A3-9474-1A3956D46DE8}") = "Services", "Services", "{65CBF78A-6D47-4EAA-B3B5-530BE7CE4207}"
EndProject
Project("{2150E333-8FDC-42A3-9474-1A3956D46DE8}") = "Catalog", "Catalog", "{AF14E6A9-08AF-4CFC-8F85-D60196FBE6CA}"
EndProject
Project("{FAE04EC0-301F-11D3-BF4B-00C04F79EFBC}") = "Catalog.API", "Services\Catalog\Catalog.API\Catalog.API.csproj", "{9BE614DF-5696-4D05-831A-408CFA95CAC9}"
EndProject
Project("{2150E333-8FDC-42A3-9474-1A3956D46DE8}") = "BuildingBlocks", "BuildingBlocks", "{C5939B83-DB06-4F4C-9BAA-5F7A292419A2}"
EndProject
Project("{FAE04EC0-301F-11D3-BF4B-00C04F79EFBC}") = "BuildingBlocks", "BuildingBlocks\BuildingBlocks\BuildingBlocks.csproj", "{9B0DE281-6608-4F71-AE6F-B9A976C9CD84}"
EndProject
Project("{E53339B2-1760-4266-BCC7-CA923CBCF16C}") = "docker-compose", "docker-compose.dcproj", "{F6824076-DC5F-4AFA-925F-9CE7525E9D57}"
EndProject
Project("{2150E333-8FDC-42A3-9474-1A3956D46DE8}") = "Basket", "Basket", "{B691EE79-ACF4-412D-9D3C-37A69D50DC2B}"
EndProject
Project("{FAE04EC0-301F-11D3-BF4B-00C04F79EFBC}") = "Basket.API", "Services\Basket\Basket.API\Basket.API.csproj", "{B3DFF359-3F18-48DF-84C8-11BD2A26737E}"
EndProject
Project("{2150E333-8FDC-42A3-9474-1A3956D46DE8}") = "Discount", "Discount", "{83CF61B5-B217-4363-A040-E5C88503108F}"
EndProject
Project("{FAE04EC0-301F-11D3-BF4B-00C04F79EFBC}") = "Discount.Grpc", "Services\Discount\Discount.Grpc\Discount.Grpc.csproj", "{125959A1-0A76-4DEA-BD04-96D685D4D7AB}"
EndProject
Project("{2150E333-8FDC-42A3-9474-1A3956D46DE8}") = "Ordering", "Ordering", "{28365CD4-D277-4E70-8CCA-F395C1ABFDC0}"
EndProject
Project("{FAE04EC0-301F-11D3-BF4B-00C04F79EFBC}") = "Ordering.API", "Services\Ordering\Ordering.API\Ordering.API.csproj", "{8A2B45A0-FD9E-48D3-B705-AE7C68415CE5}"
EndProject
Project("{FAE04EC0-301F-11D3-BF4B-00C04F79EFBC}") = "Ordering.Domain", "Services\Ordering\Ordering.Domain\Ordering.Domain.csproj", "{C7CE330C-E981-45A1-9513-FD370BDC365C}"
EndProject
Project("{FAE04EC0-301F-11D3-BF4B-00C04F79EFBC}") = "Ordering.Application", "Services\Ordering\Ordering.Application\Ordering.Application.csproj", "{C69F7D05-31D0-4CE7-B0DE-E5CF5756AFF0}"
EndProject
Project("{FAE04EC0-301F-11D3-BF4B-00C04F79EFBC}") = "Ordering.Infrastructure", "Services\Ordering\Ordering.Infrastructure\Ordering.Infrastructure.csproj", "{725FE067-A0C5-4736-AD85-3463FE39E50C}"
EndProject
Project("{FAE04EC0-301F-11D3-BF4B-00C04F79EFBC}") = "BuildingBlocks.Messaging", "BuildingBlocks\BuildingBlocks.Messaging\BuildingBlocks.Messaging.csproj", "{F0F61777-5D16-4C65-A7E6-B60647E9A747}"
EndProject
Project("{2150E333-8FDC-42A3-9474-1A3956D46DE8}") = "ApiGateways", "ApiGateways", "{ADFCFBD4-3326-4472-822C-859EDC727D0A}"
EndProject
Project("{FAE04EC0-301F-11D3-BF4B-00C04F79EFBC}") = "ApiGateway", "ApiGateways\ApiGateway\ApiGateway.csproj", "{1A7915E9-382A-4DEF-A6E5-24923E1D664C}"
EndProject
Project("{2150E333-8FDC-42A3-9474-1A3956D46DE8}") = "WebApps", "WebApps", "{E5F428AE-8B85-4FD1-8F53-72D087950FEF}"
EndProject
Project("{FAE04EC0-301F-11D3-BF4B-00C04F79EFBC}") = "Shopping.Web", "WebApps\Shopping.Web\Shopping.Web.csproj", "{534923B6-337E-4A97-B705-5F6EA2298EA1}"
EndProject
Global
	GlobalSection(SolutionConfigurationPlatforms) = preSolution
		Debug|Any CPU = Debug|Any CPU
		Release|Any CPU = Release|Any CPU
	EndGlobalSection
	GlobalSection(ProjectConfigurationPlatforms) = postSolution
		{9BE614DF-5696-4D05-831A-408CFA95CAC9}.Debug|Any CPU.ActiveCfg = Debug|Any CPU
		{9BE614DF-5696-4D05-831A-408CFA95CAC9}.Debug|Any CPU.Build.0 = Debug|Any CPU
		{9BE614DF-5696-4D05-831A-408CFA95CAC9}.Release|Any CPU.ActiveCfg = Release|Any CPU
		{9BE614DF-5696-4D05-831A-408CFA95CAC9}.Release|Any CPU.Build.0 = Release|Any CPU
		{9B0DE281-6608-4F71-AE6F-B9A976C9CD84}.Debug|Any CPU.ActiveCfg = Debug|Any CPU
		{9B0DE281-6608-4F71-AE6F-B9A976C9CD84}.Debug|Any CPU.Build.0 = Debug|Any CPU
		{9B0DE281-6608-4F71-AE6F-B9A976C9CD84}.Release|Any CPU.ActiveCfg = Release|Any CPU
		{9B0DE281-6608-4F71-AE6F-B9A976C9CD84}.Release|Any CPU.Build.0 = Release|Any CPU
		{F6824076-DC5F-4AFA-925F-9CE7525E9D57}.Debug|Any CPU.ActiveCfg = Debug|Any CPU
		{F6824076-DC5F-4AFA-925F-9CE7525E9D57}.Debug|Any CPU.Build.0 = Debug|Any CPU
		{F6824076-DC5F-4AFA-925F-9CE7525E9D57}.Release|Any CPU.ActiveCfg = Release|Any CPU
		{F6824076-DC5F-4AFA-925F-9CE7525E9D57}.Release|Any CPU.Build.0 = Release|Any CPU
		{B3DFF359-3F18-48DF-84C8-11BD2A26737E}.Debug|Any CPU.ActiveCfg = Debug|Any CPU
		{B3DFF359-3F18-48DF-84C8-11BD2A26737E}.Debug|Any CPU.Build.0 = Debug|Any CPU
		{B3DFF359-3F18-48DF-84C8-11BD2A26737E}.Release|Any CPU.ActiveCfg = Release|Any CPU
		{B3DFF359-3F18-48DF-84C8-11BD2A26737E}.Release|Any CPU.Build.0 = Release|Any CPU
		{125959A1-0A76-4DEA-BD04-96D685D4D7AB}.Debug|Any CPU.ActiveCfg = Debug|Any CPU
		{125959A1-0A76-4DEA-BD04-96D685D4D7AB}.Debug|Any CPU.Build.0 = Debug|Any CPU
		{125959A1-0A76-4DEA-BD04-96D685D4D7AB}.Release|Any CPU.ActiveCfg = Release|Any CPU
		{125959A1-0A76-4DEA-BD04-96D685D4D7AB}.Release|Any CPU.Build.0 = Release|Any CPU
		{8A2B45A0-FD9E-48D3-B705-AE7C68415CE5}.Debug|Any CPU.ActiveCfg = Debug|Any CPU
		{8A2B45A0-FD9E-48D3-B705-AE7C68415CE5}.Debug|Any CPU.Build.0 = Debug|Any CPU
		{8A2B45A0-FD9E-48D3-B705-AE7C68415CE5}.Release|Any CPU.ActiveCfg = Release|Any CPU
		{8A2B45A0-FD9E-48D3-B705-AE7C68415CE5}.Release|Any CPU.Build.0 = Release|Any CPU
		{C7CE330C-E981-45A1-9513-FD370BDC365C}.Debug|Any CPU.ActiveCfg = Debug|Any CPU
		{C7CE330C-E981-45A1-9513-FD370BDC365C}.Debug|Any CPU.Build.0 = Debug|Any CPU
		{C7CE330C-E981-45A1-9513-FD370BDC365C}.Release|Any CPU.ActiveCfg = Release|Any CPU
		{C7CE330C-E981-45A1-9513-FD370BDC365C}.Release|Any CPU.Build.0 = Release|Any CPU
		{C69F7D05-31D0-4CE7-B0DE-E5CF5756AFF0}.Debug|Any CPU.ActiveCfg = Debug|Any CPU
		{C69F7D05-31D0-4CE7-B0DE-E5CF5756AFF0}.Debug|Any CPU.Build.0 = Debug|Any CPU
		{C69F7D05-31D0-4CE7-B0DE-E5CF5756AFF0}.Release|Any CPU.ActiveCfg = Release|Any CPU
		{C69F7D05-31D0-4CE7-B0DE-E5CF5756AFF0}.Release|Any CPU.Build.0 = Release|Any CPU
		{725FE067-A0C5-4736-AD85-3463FE39E50C}.Debug|Any CPU.ActiveCfg = Debug|Any CPU
		{725FE067-A0C5-4736-AD85-3463FE39E50C}.Debug|Any CPU.Build.0 = Debug|Any CPU
		{725FE067-A0C5-4736-AD85-3463FE39E50C}.Release|Any CPU.ActiveCfg = Release|Any CPU
		{725FE067-A0C5-4736-AD85-3463FE39E50C}.Release|Any CPU.Build.0 = Release|Any CPU
		{F0F61777-5D16-4C65-A7E6-B60647E9A747}.Debug|Any CPU.ActiveCfg = Debug|Any CPU
		{F0F61777-5D16-4C65-A7E6-B60647E9A747}.Debug|Any CPU.Build.0 = Debug|Any CPU
		{F0F61777-5D16-4C65-A7E6-B60647E9A747}.Release|Any CPU.ActiveCfg = Release|Any CPU
		{F0F61777-5D16-4C65-A7E6-B60647E9A747}.Release|Any CPU.Build.0 = Release|Any CPU
		{1A7915E9-382A-4DEF-A6E5-24923E1D664C}.Debug|Any CPU.ActiveCfg = Debug|Any CPU
		{1A7915E9-382A-4DEF-A6E5-24923E1D664C}.Debug|Any CPU.Build.0 = Debug|Any CPU
		{1A7915E9-382A-4DEF-A6E5-24923E1D664C}.Release|Any CPU.ActiveCfg = Release|Any CPU
		{1A7915E9-382A-4DEF-A6E5-24923E1D664C}.Release|Any CPU.Build.0 = Release|Any CPU
		{534923B6-337E-4A97-B705-5F6EA2298EA1}.Debug|Any CPU.ActiveCfg = Debug|Any CPU
		{534923B6-337E-4A97-B705-5F6EA2298EA1}.Debug|Any CPU.Build.0 = Debug|Any CPU
		{534923B6-337E-4A97-B705-5F6EA2298EA1}.Release|Any CPU.ActiveCfg = Release|Any CPU
		{534923B6-337E-4A97-B705-5F6EA2298EA1}.Release|Any CPU.Build.0 = Release|Any CPU
	EndGlobalSection
	GlobalSection(SolutionProperties) = preSolution
		HideSolutionNode = FALSE
	EndGlobalSection
	GlobalSection(NestedProjects) = preSolution
		{AF14E6A9-08AF-4CFC-8F85-D60196FBE6CA} = {65CBF78A-6D47-4EAA-B3B5-530BE7CE4207}
		{9BE614DF-5696-4D05-831A-408CFA95CAC9} = {AF14E6A9-08AF-4CFC-8F85-D60196FBE6CA}
		{9B0DE281-6608-4F71-AE6F-B9A976C9CD84} = {C5939B83-DB06-4F4C-9BAA-5F7A292419A2}
		{B691EE79-ACF4-412D-9D3C-37A69D50DC2B} = {65CBF78A-6D47-4EAA-B3B5-530BE7CE4207}
		{B3DFF359-3F18-48DF-84C8-11BD2A26737E} = {B691EE79-ACF4-412D-9D3C-37A69D50DC2B}
		{83CF61B5-B217-4363-A040-E5C88503108F} = {65CBF78A-6D47-4EAA-B3B5-530BE7CE4207}
		{125959A1-0A76-4DEA-BD04-96D685D4D7AB} = {83CF61B5-B217-4363-A040-E5C88503108F}
		{28365CD4-D277-4E70-8CCA-F395C1ABFDC0} = {65CBF78A-6D47-4EAA-B3B5-530BE7CE4207}
		{8A2B45A0-FD9E-48D3-B705-AE7C68415CE5} = {28365CD4-D277-4E70-8CCA-F395C1ABFDC0}
		{C7CE330C-E981-45A1-9513-FD370BDC365C} = {28365CD4-D277-4E70-8CCA-F395C1ABFDC0}
		{C69F7D05-31D0-4CE7-B0DE-E5CF5756AFF0} = {28365CD4-D277-4E70-8CCA-F395C1ABFDC0}
		{725FE067-A0C5-4736-AD85-3463FE39E50C} = {28365CD4-D277-4E70-8CCA-F395C1ABFDC0}
		{F0F61777-5D16-4C65-A7E6-B60647E9A747} = {C5939B83-DB06-4F4C-9BAA-5F7A292419A2}
		{1A7915E9-382A-4DEF-A6E5-24923E1D664C} = {ADFCFBD4-3326-4472-822C-859EDC727D0A}
		{534923B6-337E-4A97-B705-5F6EA2298EA1} = {E5F428AE-8B85-4FD1-8F53-72D087950FEF}
	EndGlobalSection
EndGlobal
